// !$*UTF8*$!
{
	archiveVersion = 1;
	classes = {
	};
	objectVersion = 46;
	objects = {

/* Begin PBXBuildFile section */
		045003FB1F021E2B00E77816 /* main.m in Sources */ = {isa = PBXBuildFile; fileRef = 045003FA1F021E2B00E77816 /* main.m */; };
		045003FE1F021E2B00E77816 /* AppDelegate.m in Sources */ = {isa = PBXBuildFile; fileRef = 045003FD1F021E2B00E77816 /* AppDelegate.m */; };
		045004041F021E2B00E77816 /* Main.storyboard in Resources */ = {isa = PBXBuildFile; fileRef = 045004021F021E2B00E77816 /* Main.storyboard */; };
		045004061F021E2B00E77816 /* Assets.xcassets in Resources */ = {isa = PBXBuildFile; fileRef = 045004051F021E2B00E77816 /* Assets.xcassets */; };
		045004091F021E2B00E77816 /* LaunchScreen.storyboard in Resources */ = {isa = PBXBuildFile; fileRef = 045004071F021E2B00E77816 /* LaunchScreen.storyboard */; };
		045004141F021E2D00E77816 /* ZoeWebSocketChatDemoTests.m in Sources */ = {isa = PBXBuildFile; fileRef = 045004131F021E2D00E77816 /* ZoeWebSocketChatDemoTests.m */; };
		0450041F1F021E2D00E77816 /* ZoeWebSocketChatDemoUITests.m in Sources */ = {isa = PBXBuildFile; fileRef = 0450041E1F021E2D00E77816 /* ZoeWebSocketChatDemoUITests.m */; };
		045004521F02241E00E77816 /* camera.png in Resources */ = {isa = PBXBuildFile; fileRef = 0450044C1F02241E00E77816 /* camera.png */; };
		045004541F02241E00E77816 /* photo.png in Resources */ = {isa = PBXBuildFile; fileRef = 0450044E1F02241E00E77816 /* photo.png */; };
		045004581F02248400E77816 /* RootViewController.m in Sources */ = {isa = PBXBuildFile; fileRef = 045004571F02248400E77816 /* RootViewController.m */; };
		04AA03021F02596C0093F62C /* ZoeToolBar.m in Sources */ = {isa = PBXBuildFile; fileRef = 04AA03011F02596C0093F62C /* ZoeToolBar.m */; };
		04AA03051F0259930093F62C /* ChatBaseViewController.m in Sources */ = {isa = PBXBuildFile; fileRef = 04AA03041F0259930093F62C /* ChatBaseViewController.m */; };
		04AA030E1F0267D20093F62C /* biaoqing_defaut.png in Resources */ = {isa = PBXBuildFile; fileRef = 04AA030A1F0267D20093F62C /* biaoqing_defaut.png */; };
		04AA03101F0267D20093F62C /* yuyin_defaut.png in Resources */ = {isa = PBXBuildFile; fileRef = 04AA030C1F0267D20093F62C /* yuyin_defaut.png */; };
		04AA03161F0268040093F62C /* biaoqing_high.png in Resources */ = {isa = PBXBuildFile; fileRef = 04AA03121F0268040093F62C /* biaoqing_high.png */; };
		04AA03181F0268040093F62C /* yuyin_high.png in Resources */ = {isa = PBXBuildFile; fileRef = 04AA03141F0268040093F62C /* yuyin_high.png */; };
		04AA031B1F026C640093F62C /* add_defaut.png in Resources */ = {isa = PBXBuildFile; fileRef = 04AA03191F026C640093F62C /* add_defaut.png */; };
		04AA031C1F026C640093F62C /* jianpan_defaut.png in Resources */ = {isa = PBXBuildFile; fileRef = 04AA031A1F026C640093F62C /* jianpan_defaut.png */; };
		04AA031F1F026C7C0093F62C /* add_high.png in Resources */ = {isa = PBXBuildFile; fileRef = 04AA031D1F026C7C0093F62C /* add_high.png */; };
		04AA03201F026C7C0093F62C /* jianpan_high.png in Resources */ = {isa = PBXBuildFile; fileRef = 04AA031E1F026C7C0093F62C /* jianpan_high.png */; };
		04AA03271F026D870093F62C /* README.md in Sources */ = {isa = PBXBuildFile; fileRef = 04AA03221F026D870093F62C /* README.md */; };
		04AA03281F026D870093F62C /* UIImage+ImageWithColor.m in Sources */ = {isa = PBXBuildFile; fileRef = 04AA03241F026D870093F62C /* UIImage+ImageWithColor.m */; };
		04AA03291F026D870093F62C /* UIImage+ImageWithColor.podspec.json in Resources */ = {isa = PBXBuildFile; fileRef = 04AA03251F026D870093F62C /* UIImage+ImageWithColor.podspec.json */; };
		04AA032A1F026D870093F62C /* UNLICENSE in Resources */ = {isa = PBXBuildFile; fileRef = 04AA03261F026D870093F62C /* UNLICENSE */; };
/* End PBXBuildFile section */

/* Begin PBXContainerItemProxy section */
		045004101F021E2D00E77816 /* PBXContainerItemProxy */ = {
			isa = PBXContainerItemProxy;
			containerPortal = 045003EE1F021E2900E77816 /* Project object */;
			proxyType = 1;
			remoteGlobalIDString = 045003F51F021E2A00E77816;
			remoteInfo = ZoeWebSocketChatDemo;
		};
		0450041B1F021E2D00E77816 /* PBXContainerItemProxy */ = {
			isa = PBXContainerItemProxy;
			containerPortal = 045003EE1F021E2900E77816 /* Project object */;
			proxyType = 1;
			remoteGlobalIDString = 045003F51F021E2A00E77816;
			remoteInfo = ZoeWebSocketChatDemo;
		};
/* End PBXContainerItemProxy section */

/* Begin PBXFileReference section */
		045003F61F021E2A00E77816 /* ZoeWebSocketChatDemo.app */ = {isa = PBXFileReference; explicitFileType = wrapper.application; includeInIndex = 0; path = ZoeWebSocketChatDemo.app; sourceTree = BUILT_PRODUCTS_DIR; };
		045003FA1F021E2B00E77816 /* main.m */ = {isa = PBXFileReference; lastKnownFileType = sourcecode.c.objc; path = main.m; sourceTree = "<group>"; };
		045003FC1F021E2B00E77816 /* AppDelegate.h */ = {isa = PBXFileReference; lastKnownFileType = sourcecode.c.h; path = AppDelegate.h; sourceTree = "<group>"; };
		045003FD1F021E2B00E77816 /* AppDelegate.m */ = {isa = PBXFileReference; lastKnownFileType = sourcecode.c.objc; path = AppDelegate.m; sourceTree = "<group>"; };
		045004031F021E2B00E77816 /* Base */ = {isa = PBXFileReference; lastKnownFileType = file.storyboard; name = Base; path = Base.lproj/Main.storyboard; sourceTree = "<group>"; };
		045004051F021E2B00E77816 /* Assets.xcassets */ = {isa = PBXFileReference; lastKnownFileType = folder.assetcatalog; path = Assets.xcassets; sourceTree = "<group>"; };
		045004081F021E2B00E77816 /* Base */ = {isa = PBXFileReference; lastKnownFileType = file.storyboard; name = Base; path = Base.lproj/LaunchScreen.storyboard; sourceTree = "<group>"; };
		0450040A1F021E2C00E77816 /* Info.plist */ = {isa = PBXFileReference; lastKnownFileType = text.plist.xml; path = Info.plist; sourceTree = "<group>"; };
		0450040F1F021E2D00E77816 /* ZoeWebSocketChatDemoTests.xctest */ = {isa = PBXFileReference; explicitFileType = wrapper.cfbundle; includeInIndex = 0; path = ZoeWebSocketChatDemoTests.xctest; sourceTree = BUILT_PRODUCTS_DIR; };
		045004131F021E2D00E77816 /* ZoeWebSocketChatDemoTests.m */ = {isa = PBXFileReference; lastKnownFileType = sourcecode.c.objc; path = ZoeWebSocketChatDemoTests.m; sourceTree = "<group>"; };
		045004151F021E2D00E77816 /* Info.plist */ = {isa = PBXFileReference; lastKnownFileType = text.plist.xml; path = Info.plist; sourceTree = "<group>"; };
		0450041A1F021E2D00E77816 /* ZoeWebSocketChatDemoUITests.xctest */ = {isa = PBXFileReference; explicitFileType = wrapper.cfbundle; includeInIndex = 0; path = ZoeWebSocketChatDemoUITests.xctest; sourceTree = BUILT_PRODUCTS_DIR; };
		0450041E1F021E2D00E77816 /* ZoeWebSocketChatDemoUITests.m */ = {isa = PBXFileReference; lastKnownFileType = sourcecode.c.objc; path = ZoeWebSocketChatDemoUITests.m; sourceTree = "<group>"; };
		045004201F021E2D00E77816 /* Info.plist */ = {isa = PBXFileReference; lastKnownFileType = text.plist.xml; path = Info.plist; sourceTree = "<group>"; };
		0450044C1F02241E00E77816 /* camera.png */ = {isa = PBXFileReference; lastKnownFileType = image.png; path = camera.png; sourceTree = "<group>"; };
		0450044E1F02241E00E77816 /* photo.png */ = {isa = PBXFileReference; lastKnownFileType = image.png; path = photo.png; sourceTree = "<group>"; };
		045004561F02248400E77816 /* RootViewController.h */ = {isa = PBXFileReference; fileEncoding = 4; lastKnownFileType = sourcecode.c.h; path = RootViewController.h; sourceTree = "<group>"; };
		045004571F02248400E77816 /* RootViewController.m */ = {isa = PBXFileReference; fileEncoding = 4; lastKnownFileType = sourcecode.c.objc; path = RootViewController.m; sourceTree = "<group>"; };
		04AA03001F02596C0093F62C /* ZoeToolBar.h */ = {isa = PBXFileReference; fileEncoding = 4; lastKnownFileType = sourcecode.c.h; path = ZoeToolBar.h; sourceTree = "<group>"; };
		04AA03011F02596C0093F62C /* ZoeToolBar.m */ = {isa = PBXFileReference; fileEncoding = 4; lastKnownFileType = sourcecode.c.objc; path = ZoeToolBar.m; sourceTree = "<group>"; };
		04AA03031F0259930093F62C /* ChatBaseViewController.h */ = {isa = PBXFileReference; fileEncoding = 4; lastKnownFileType = sourcecode.c.h; path = ChatBaseViewController.h; sourceTree = "<group>"; };
		04AA03041F0259930093F62C /* ChatBaseViewController.m */ = {isa = PBXFileReference; fileEncoding = 4; lastKnownFileType = sourcecode.c.objc; path = ChatBaseViewController.m; sourceTree = "<group>"; };
		04AA03061F025A160093F62C /* Header.h */ = {isa = PBXFileReference; lastKnownFileType = sourcecode.c.h; path = Header.h; sourceTree = "<group>"; };
		04AA030A1F0267D20093F62C /* biaoqing_defaut.png */ = {isa = PBXFileReference; lastKnownFileType = image.png; path = biaoqing_defaut.png; sourceTree = "<group>"; };
		04AA030C1F0267D20093F62C /* yuyin_defaut.png */ = {isa = PBXFileReference; lastKnownFileType = image.png; path = yuyin_defaut.png; sourceTree = "<group>"; };
		04AA03121F0268040093F62C /* biaoqing_high.png */ = {isa = PBXFileReference; lastKnownFileType = image.png; path = biaoqing_high.png; sourceTree = "<group>"; };
		04AA03141F0268040093F62C /* yuyin_high.png */ = {isa = PBXFileReference; lastKnownFileType = image.png; path = yuyin_high.png; sourceTree = "<group>"; };
		04AA03191F026C640093F62C /* add_defaut.png */ = {isa = PBXFileReference; lastKnownFileType = image.png; path = add_defaut.png; sourceTree = "<group>"; };
		04AA031A1F026C640093F62C /* jianpan_defaut.png */ = {isa = PBXFileReference; lastKnownFileType = image.png; path = jianpan_defaut.png; sourceTree = "<group>"; };
		04AA031D1F026C7C0093F62C /* add_high.png */ = {isa = PBXFileReference; lastKnownFileType = image.png; path = add_high.png; sourceTree = "<group>"; };
		04AA031E1F026C7C0093F62C /* jianpan_high.png */ = {isa = PBXFileReference; lastKnownFileType = image.png; path = jianpan_high.png; sourceTree = "<group>"; };
		04AA03221F026D870093F62C /* README.md */ = {isa = PBXFileReference; fileEncoding = 4; lastKnownFileType = net.daringfireball.markdown; path = README.md; sourceTree = "<group>"; };
		04AA03231F026D870093F62C /* UIImage+ImageWithColor.h */ = {isa = PBXFileReference; fileEncoding = 4; lastKnownFileType = sourcecode.c.h; path = "UIImage+ImageWithColor.h"; sourceTree = "<group>"; };
		04AA03241F026D870093F62C /* UIImage+ImageWithColor.m */ = {isa = PBXFileReference; fileEncoding = 4; lastKnownFileType = sourcecode.c.objc; path = "UIImage+ImageWithColor.m"; sourceTree = "<group>"; };
		04AA03251F026D870093F62C /* UIImage+ImageWithColor.podspec.json */ = {isa = PBXFileReference; fileEncoding = 4; lastKnownFileType = text.json; path = "UIImage+ImageWithColor.podspec.json"; sourceTree = "<group>"; };
		04AA03261F026D870093F62C /* UNLICENSE */ = {isa = PBXFileReference; fileEncoding = 4; lastKnownFileType = text; path = UNLICENSE; sourceTree = "<group>"; };
/* End PBXFileReference section */

/* Begin PBXFrameworksBuildPhase section */
		045003F31F021E2A00E77816 /* Frameworks */ = {
			isa = PBXFrameworksBuildPhase;
			buildActionMask = 2147483647;
			files = (
			);
			runOnlyForDeploymentPostprocessing = 0;
		};
		0450040C1F021E2D00E77816 /* Frameworks */ = {
			isa = PBXFrameworksBuildPhase;
			buildActionMask = 2147483647;
			files = (
			);
			runOnlyForDeploymentPostprocessing = 0;
		};
		045004171F021E2D00E77816 /* Frameworks */ = {
			isa = PBXFrameworksBuildPhase;
			buildActionMask = 2147483647;
			files = (
			);
			runOnlyForDeploymentPostprocessing = 0;
		};
/* End PBXFrameworksBuildPhase section */

/* Begin PBXGroup section */
		045003ED1F021E2900E77816 = {
			isa = PBXGroup;
			children = (
				045003F81F021E2B00E77816 /* ZoeWebSocketChatDemo */,
				045004121F021E2D00E77816 /* ZoeWebSocketChatDemoTests */,
				0450041D1F021E2D00E77816 /* ZoeWebSocketChatDemoUITests */,
				045003F71F021E2A00E77816 /* Products */,
			);
			sourceTree = "<group>";
		};
		045003F71F021E2A00E77816 /* Products */ = {
			isa = PBXGroup;
			children = (
				045003F61F021E2A00E77816 /* ZoeWebSocketChatDemo.app */,
				0450040F1F021E2D00E77816 /* ZoeWebSocketChatDemoTests.xctest */,
				0450041A1F021E2D00E77816 /* ZoeWebSocketChatDemoUITests.xctest */,
			);
			name = Products;
			sourceTree = "<group>";
		};
		045003F81F021E2B00E77816 /* ZoeWebSocketChatDemo */ = {
			isa = PBXGroup;
			children = (
				045004341F021FB100E77816 /* OtherResources */,
				045004331F021F1400E77816 /* Main */,
				045004321F021F0300E77816 /* Source */,
				045004311F021EE700E77816 /* ZoeWebSocket */,
				045004301F021EB900E77816 /* ZoeChatUI */,
				045003FC1F021E2B00E77816 /* AppDelegate.h */,
				045003FD1F021E2B00E77816 /* AppDelegate.m */,
				045004021F021E2B00E77816 /* Main.storyboard */,
				045004051F021E2B00E77816 /* Assets.xcassets */,
				045004071F021E2B00E77816 /* LaunchScreen.storyboard */,
				0450040A1F021E2C00E77816 /* Info.plist */,
				045003F91F021E2B00E77816 /* Supporting Files */,
			);
			path = ZoeWebSocketChatDemo;
			sourceTree = "<group>";
		};
		045003F91F021E2B00E77816 /* Supporting Files */ = {
			isa = PBXGroup;
			children = (
				045003FA1F021E2B00E77816 /* main.m */,
				04AA03061F025A160093F62C /* Header.h */,
			);
			name = "Supporting Files";
			sourceTree = "<group>";
		};
		045004121F021E2D00E77816 /* ZoeWebSocketChatDemoTests */ = {
			isa = PBXGroup;
			children = (
				045004131F021E2D00E77816 /* ZoeWebSocketChatDemoTests.m */,
				045004151F021E2D00E77816 /* Info.plist */,
			);
			path = ZoeWebSocketChatDemoTests;
			sourceTree = "<group>";
		};
		0450041D1F021E2D00E77816 /* ZoeWebSocketChatDemoUITests */ = {
			isa = PBXGroup;
			children = (
				0450041E1F021E2D00E77816 /* ZoeWebSocketChatDemoUITests.m */,
				045004201F021E2D00E77816 /* Info.plist */,
			);
			path = ZoeWebSocketChatDemoUITests;
			sourceTree = "<group>";
		};
		045004301F021EB900E77816 /* ZoeChatUI */ = {
			isa = PBXGroup;
			children = (
				04AA02FB1F02596C0093F62C /* BaseViewController */,
				04AA02FC1F02596C0093F62C /* Category */,
				04AA02FD1F02596C0093F62C /* Manager */,
				04AA02FE1F02596C0093F62C /* ThirdRescources */,
				04AA02FF1F02596C0093F62C /* View */,
			);
			path = ZoeChatUI;
			sourceTree = "<group>";
		};
		045004311F021EE700E77816 /* ZoeWebSocket */ = {
			isa = PBXGroup;
			children = (
			);
			path = ZoeWebSocket;
			sourceTree = "<group>";
		};
		045004321F021F0300E77816 /* Source */ = {
			isa = PBXGroup;
			children = (
				045004491F02241E00E77816 /* image */,
			);
			path = Source;
			sourceTree = "<group>";
		};
		045004331F021F1400E77816 /* Main */ = {
			isa = PBXGroup;
			children = (
				045004561F02248400E77816 /* RootViewController.h */,
				045004571F02248400E77816 /* RootViewController.m */,
			);
			path = Main;
			sourceTree = "<group>";
		};
		045004341F021FB100E77816 /* OtherResources */ = {
			isa = PBXGroup;
			children = (
			);
			path = OtherResources;
			sourceTree = "<group>";
		};
		045004491F02241E00E77816 /* image */ = {
			isa = PBXGroup;
			children = (
				04AA031D1F026C7C0093F62C /* add_high.png */,
				04AA031E1F026C7C0093F62C /* jianpan_high.png */,
				04AA03191F026C640093F62C /* add_defaut.png */,
				04AA031A1F026C640093F62C /* jianpan_defaut.png */,
				04AA03121F0268040093F62C /* biaoqing_high.png */,
				04AA03141F0268040093F62C /* yuyin_high.png */,
				04AA030A1F0267D20093F62C /* biaoqing_defaut.png */,
				04AA030C1F0267D20093F62C /* yuyin_defaut.png */,
				0450044C1F02241E00E77816 /* camera.png */,
				0450044E1F02241E00E77816 /* photo.png */,
			);
			path = image;
			sourceTree = "<group>";
		};
		04AA02FB1F02596C0093F62C /* BaseViewController */ = {
			isa = PBXGroup;
			children = (
				04AA03031F0259930093F62C /* ChatBaseViewController.h */,
				04AA03041F0259930093F62C /* ChatBaseViewController.m */,
			);
			path = BaseViewController;
			sourceTree = "<group>";
		};
		04AA02FC1F02596C0093F62C /* Category */ = {
			isa = PBXGroup;
			children = (
			);
			path = Category;
			sourceTree = "<group>";
		};
		04AA02FD1F02596C0093F62C /* Manager */ = {
			isa = PBXGroup;
			children = (
			);
			path = Manager;
			sourceTree = "<group>";
		};
		04AA02FE1F02596C0093F62C /* ThirdRescources */ = {
			isa = PBXGroup;
			children = (
				04AA03211F026D870093F62C /* UIImageWithColor */,
			);
			path = ThirdRescources;
			sourceTree = "<group>";
		};
		04AA02FF1F02596C0093F62C /* View */ = {
			isa = PBXGroup;
			children = (
				04AA03001F02596C0093F62C /* ZoeToolBar.h */,
				04AA03011F02596C0093F62C /* ZoeToolBar.m */,
			);
			path = View;
			sourceTree = "<group>";
		};
		04AA03211F026D870093F62C /* UIImageWithColor */ = {
			isa = PBXGroup;
			children = (
				04AA03221F026D870093F62C /* README.md */,
				04AA03231F026D870093F62C /* UIImage+ImageWithColor.h */,
				04AA03241F026D870093F62C /* UIImage+ImageWithColor.m */,
				04AA03251F026D870093F62C /* UIImage+ImageWithColor.podspec.json */,
				04AA03261F026D870093F62C /* UNLICENSE */,
			);
			path = UIImageWithColor;
			sourceTree = "<group>";
		};
/* End PBXGroup section */

/* Begin PBXNativeTarget section */
		045003F51F021E2A00E77816 /* ZoeWebSocketChatDemo */ = {
			isa = PBXNativeTarget;
			buildConfigurationList = 045004231F021E2D00E77816 /* Build configuration list for PBXNativeTarget "ZoeWebSocketChatDemo" */;
			buildPhases = (
				045003F21F021E2A00E77816 /* Sources */,
				045003F31F021E2A00E77816 /* Frameworks */,
				045003F41F021E2A00E77816 /* Resources */,
			);
			buildRules = (
			);
			dependencies = (
			);
			name = ZoeWebSocketChatDemo;
			productName = ZoeWebSocketChatDemo;
			productReference = 045003F61F021E2A00E77816 /* ZoeWebSocketChatDemo.app */;
			productType = "com.apple.product-type.application";
		};
		0450040E1F021E2D00E77816 /* ZoeWebSocketChatDemoTests */ = {
			isa = PBXNativeTarget;
			buildConfigurationList = 045004261F021E2D00E77816 /* Build configuration list for PBXNativeTarget "ZoeWebSocketChatDemoTests" */;
			buildPhases = (
				0450040B1F021E2D00E77816 /* Sources */,
				0450040C1F021E2D00E77816 /* Frameworks */,
				0450040D1F021E2D00E77816 /* Resources */,
			);
			buildRules = (
			);
			dependencies = (
				045004111F021E2D00E77816 /* PBXTargetDependency */,
			);
			name = ZoeWebSocketChatDemoTests;
			productName = ZoeWebSocketChatDemoTests;
			productReference = 0450040F1F021E2D00E77816 /* ZoeWebSocketChatDemoTests.xctest */;
			productType = "com.apple.product-type.bundle.unit-test";
		};
		045004191F021E2D00E77816 /* ZoeWebSocketChatDemoUITests */ = {
			isa = PBXNativeTarget;
			buildConfigurationList = 045004291F021E2D00E77816 /* Build configuration list for PBXNativeTarget "ZoeWebSocketChatDemoUITests" */;
			buildPhases = (
				045004161F021E2D00E77816 /* Sources */,
				045004171F021E2D00E77816 /* Frameworks */,
				045004181F021E2D00E77816 /* Resources */,
			);
			buildRules = (
			);
			dependencies = (
				0450041C1F021E2D00E77816 /* PBXTargetDependency */,
			);
			name = ZoeWebSocketChatDemoUITests;
			productName = ZoeWebSocketChatDemoUITests;
			productReference = 0450041A1F021E2D00E77816 /* ZoeWebSocketChatDemoUITests.xctest */;
			productType = "com.apple.product-type.bundle.ui-testing";
		};
/* End PBXNativeTarget section */

/* Begin PBXProject section */
		045003EE1F021E2900E77816 /* Project object */ = {
			isa = PBXProject;
			attributes = {
				LastUpgradeCheck = 0830;
				ORGANIZATIONNAME = mac;
				TargetAttributes = {
					045003F51F021E2A00E77816 = {
						CreatedOnToolsVersion = 8.3.2;
						ProvisioningStyle = Automatic;
					};
					0450040E1F021E2D00E77816 = {
						CreatedOnToolsVersion = 8.3.2;
						ProvisioningStyle = Automatic;
						TestTargetID = 045003F51F021E2A00E77816;
					};
					045004191F021E2D00E77816 = {
						CreatedOnToolsVersion = 8.3.2;
						ProvisioningStyle = Automatic;
						TestTargetID = 045003F51F021E2A00E77816;
					};
				};
			};
			buildConfigurationList = 045003F11F021E2A00E77816 /* Build configuration list for PBXProject "ZoeWebSocketChatDemo" */;
			compatibilityVersion = "Xcode 3.2";
			developmentRegion = English;
			hasScannedForEncodings = 0;
			knownRegions = (
				en,
				Base,
			);
			mainGroup = 045003ED1F021E2900E77816;
			productRefGroup = 045003F71F021E2A00E77816 /* Products */;
			projectDirPath = "";
			projectRoot = "";
			targets = (
				045003F51F021E2A00E77816 /* ZoeWebSocketChatDemo */,
				0450040E1F021E2D00E77816 /* ZoeWebSocketChatDemoTests */,
				045004191F021E2D00E77816 /* ZoeWebSocketChatDemoUITests */,
			);
		};
/* End PBXProject section */

/* Begin PBXResourcesBuildPhase section */
		045003F41F021E2A00E77816 /* Resources */ = {
			isa = PBXResourcesBuildPhase;
			buildActionMask = 2147483647;
			files = (
				04AA03101F0267D20093F62C /* yuyin_defaut.png in Resources */,
				045004091F021E2B00E77816 /* LaunchScreen.storyboard in Resources */,
				04AA032A1F026D870093F62C /* UNLICENSE in Resources */,
				045004061F021E2B00E77816 /* Assets.xcassets in Resources */,
				045004041F021E2B00E77816 /* Main.storyboard in Resources */,
				04AA030E1F0267D20093F62C /* biaoqing_defaut.png in Resources */,
				04AA03181F0268040093F62C /* yuyin_high.png in Resources */,
				04AA031C1F026C640093F62C /* jianpan_defaut.png in Resources */,
				04AA03291F026D870093F62C /* UIImage+ImageWithColor.podspec.json in Resources */,
				04AA03161F0268040093F62C /* biaoqing_high.png in Resources */,
				04AA03201F026C7C0093F62C /* jianpan_high.png in Resources */,
				045004521F02241E00E77816 /* camera.png in Resources */,
				04AA031B1F026C640093F62C /* add_defaut.png in Resources */,
				045004541F02241E00E77816 /* photo.png in Resources */,
				04AA031F1F026C7C0093F62C /* add_high.png in Resources */,
			);
			runOnlyForDeploymentPostprocessing = 0;
		};
		0450040D1F021E2D00E77816 /* Resources */ = {
			isa = PBXResourcesBuildPhase;
			buildActionMask = 2147483647;
			files = (
			);
			runOnlyForDeploymentPostprocessing = 0;
		};
		045004181F021E2D00E77816 /* Resources */ = {
			isa = PBXResourcesBuildPhase;
			buildActionMask = 2147483647;
			files = (
			);
			runOnlyForDeploymentPostprocessing = 0;
		};
/* End PBXResourcesBuildPhase section */

/* Begin PBXSourcesBuildPhase section */
		045003F21F021E2A00E77816 /* Sources */ = {
			isa = PBXSourcesBuildPhase;
			buildActionMask = 2147483647;
			files = (
				04AA03271F026D870093F62C /* README.md in Sources */,
				04AA03021F02596C0093F62C /* ZoeToolBar.m in Sources */,
				04AA03281F026D870093F62C /* UIImage+ImageWithColor.m in Sources */,
				04AA03051F0259930093F62C /* ChatBaseViewController.m in Sources */,
				045003FE1F021E2B00E77816 /* AppDelegate.m in Sources */,
				045003FB1F021E2B00E77816 /* main.m in Sources */,
				045004581F02248400E77816 /* RootViewController.m in Sources */,
			);
			runOnlyForDeploymentPostprocessing = 0;
		};
		0450040B1F021E2D00E77816 /* Sources */ = {
			isa = PBXSourcesBuildPhase;
			buildActionMask = 2147483647;
			files = (
				045004141F021E2D00E77816 /* ZoeWebSocketChatDemoTests.m in Sources */,
			);
			runOnlyForDeploymentPostprocessing = 0;
		};
		045004161F021E2D00E77816 /* Sources */ = {
			isa = PBXSourcesBuildPhase;
			buildActionMask = 2147483647;
			files = (
				0450041F1F021E2D00E77816 /* ZoeWebSocketChatDemoUITests.m in Sources */,
			);
			runOnlyForDeploymentPostprocessing = 0;
		};
/* End PBXSourcesBuildPhase section */

/* Begin PBXTargetDependency section */
		045004111F021E2D00E77816 /* PBXTargetDependency */ = {
			isa = PBXTargetDependency;
			target = 045003F51F021E2A00E77816 /* ZoeWebSocketChatDemo */;
			targetProxy = 045004101F021E2D00E77816 /* PBXContainerItemProxy */;
		};
		0450041C1F021E2D00E77816 /* PBXTargetDependency */ = {
			isa = PBXTargetDependency;
			target = 045003F51F021E2A00E77816 /* ZoeWebSocketChatDemo */;
			targetProxy = 0450041B1F021E2D00E77816 /* PBXContainerItemProxy */;
		};
/* End PBXTargetDependency section */

/* Begin PBXVariantGroup section */
		045004021F021E2B00E77816 /* Main.storyboard */ = {
			isa = PBXVariantGroup;
			children = (
				045004031F021E2B00E77816 /* Base */,
			);
			name = Main.storyboard;
			sourceTree = "<group>";
		};
		045004071F021E2B00E77816 /* LaunchScreen.storyboard */ = {
			isa = PBXVariantGroup;
			children = (
				045004081F021E2B00E77816 /* Base */,
			);
			name = LaunchScreen.storyboard;
			sourceTree = "<group>";
		};
/* End PBXVariantGroup section */

/* Begin XCBuildConfiguration section */
		045004211F021E2D00E77816 /* Debug */ = {
			isa = XCBuildConfiguration;
			buildSettings = {
				ALWAYS_SEARCH_USER_PATHS = NO;
				CLANG_ANALYZER_NONNULL = YES;
				CLANG_ANALYZER_NUMBER_OBJECT_CONVERSION = YES_AGGRESSIVE;
				CLANG_CXX_LANGUAGE_STANDARD = "gnu++0x";
				CLANG_CXX_LIBRARY = "libc++";
				CLANG_ENABLE_MODULES = YES;
				CLANG_ENABLE_OBJC_ARC = YES;
				CLANG_WARN_BOOL_CONVERSION = YES;
				CLANG_WARN_CONSTANT_CONVERSION = YES;
				CLANG_WARN_DIRECT_OBJC_ISA_USAGE = YES_ERROR;
				CLANG_WARN_DOCUMENTATION_COMMENTS = YES;
				CLANG_WARN_EMPTY_BODY = YES;
				CLANG_WARN_ENUM_CONVERSION = YES;
				CLANG_WARN_INFINITE_RECURSION = YES;
				CLANG_WARN_INT_CONVERSION = YES;
				CLANG_WARN_OBJC_ROOT_CLASS = YES_ERROR;
				CLANG_WARN_SUSPICIOUS_MOVE = YES;
				CLANG_WARN_UNREACHABLE_CODE = YES;
				CLANG_WARN__DUPLICATE_METHOD_MATCH = YES;
				"CODE_SIGN_IDENTITY[sdk=iphoneos*]" = "iPhone Developer";
				COPY_PHASE_STRIP = NO;
				DEBUG_INFORMATION_FORMAT = dwarf;
				ENABLE_STRICT_OBJC_MSGSEND = YES;
				ENABLE_TESTABILITY = YES;
				GCC_C_LANGUAGE_STANDARD = gnu99;
				GCC_DYNAMIC_NO_PIC = NO;
				GCC_NO_COMMON_BLOCKS = YES;
				GCC_OPTIMIZATION_LEVEL = 0;
				GCC_PREPROCESSOR_DEFINITIONS = (
					"DEBUG=1",
					"$(inherited)",
				);
				GCC_WARN_64_TO_32_BIT_CONVERSION = YES;
				GCC_WARN_ABOUT_RETURN_TYPE = YES_ERROR;
				GCC_WARN_UNDECLARED_SELECTOR = YES;
				GCC_WARN_UNINITIALIZED_AUTOS = YES_AGGRESSIVE;
				GCC_WARN_UNUSED_FUNCTION = YES;
				GCC_WARN_UNUSED_VARIABLE = YES;
				IPHONEOS_DEPLOYMENT_TARGET = 10.3;
				MTL_ENABLE_DEBUG_INFO = YES;
				ONLY_ACTIVE_ARCH = YES;
				SDKROOT = iphoneos;
			};
			name = Debug;
		};
		045004221F021E2D00E77816 /* Release */ = {
			isa = XCBuildConfiguration;
			buildSettings = {
				ALWAYS_SEARCH_USER_PATHS = NO;
				CLANG_ANALYZER_NONNULL = YES;
				CLANG_ANALYZER_NUMBER_OBJECT_CONVERSION = YES_AGGRESSIVE;
				CLANG_CXX_LANGUAGE_STANDARD = "gnu++0x";
				CLANG_CXX_LIBRARY = "libc++";
				CLANG_ENABLE_MODULES = YES;
				CLANG_ENABLE_OBJC_ARC = YES;
				CLANG_WARN_BOOL_CONVERSION = YES;
				CLANG_WARN_CONSTANT_CONVERSION = YES;
				CLANG_WARN_DIRECT_OBJC_ISA_USAGE = YES_ERROR;
				CLANG_WARN_DOCUMENTATION_COMMENTS = YES;
				CLANG_WARN_EMPTY_BODY = YES;
				CLANG_WARN_ENUM_CONVERSION = YES;
				CLANG_WARN_INFINITE_RECURSION = YES;
				CLANG_WARN_INT_CONVERSION = YES;
				CLANG_WARN_OBJC_ROOT_CLASS = YES_ERROR;
				CLANG_WARN_SUSPICIOUS_MOVE = YES;
				CLANG_WARN_UNREACHABLE_CODE = YES;
				CLANG_WARN__DUPLICATE_METHOD_MATCH = YES;
				"CODE_SIGN_IDENTITY[sdk=iphoneos*]" = "iPhone Developer";
				COPY_PHASE_STRIP = NO;
				DEBUG_INFORMATION_FORMAT = "dwarf-with-dsym";
				ENABLE_NS_ASSERTIONS = NO;
				ENABLE_STRICT_OBJC_MSGSEND = YES;
				GCC_C_LANGUAGE_STANDARD = gnu99;
				GCC_NO_COMMON_BLOCKS = YES;
				GCC_WARN_64_TO_32_BIT_CONVERSION = YES;
				GCC_WARN_ABOUT_RETURN_TYPE = YES_ERROR;
				GCC_WARN_UNDECLARED_SELECTOR = YES;
				GCC_WARN_UNINITIALIZED_AUTOS = YES_AGGRESSIVE;
				GCC_WARN_UNUSED_FUNCTION = YES;
				GCC_WARN_UNUSED_VARIABLE = YES;
				IPHONEOS_DEPLOYMENT_TARGET = 10.3;
				MTL_ENABLE_DEBUG_INFO = NO;
				SDKROOT = iphoneos;
				VALIDATE_PRODUCT = YES;
			};
			name = Release;
		};
		045004241F021E2D00E77816 /* Debug */ = {
			isa = XCBuildConfiguration;
			buildSettings = {
				ASSETCATALOG_COMPILER_APPICON_NAME = AppIcon;
				GCC_PREFIX_HEADER = "$(SRCROOT)/ZoeWebSocketChatDemo/Header.h";
				INFOPLIST_FILE = ZoeWebSocketChatDemo/Info.plist;
				LD_RUNPATH_SEARCH_PATHS = "$(inherited) @executable_path/Frameworks";
				PRODUCT_BUNDLE_IDENTIFIER = zoe.ZoeWebSocketChatDemo;
				PRODUCT_NAME = "$(TARGET_NAME)";
			};
			name = Debug;
		};
		045004251F021E2D00E77816 /* Release */ = {
			isa = XCBuildConfiguration;
			buildSettings = {
				ASSETCATALOG_COMPILER_APPICON_NAME = AppIcon;
				GCC_PREFIX_HEADER = "$(SRCROOT)/ZoeWebSocketChatDemo/Header.h";
				INFOPLIST_FILE = ZoeWebSocketChatDemo/Info.plist;
				LD_RUNPATH_SEARCH_PATHS = "$(inherited) @executable_path/Frameworks";
				PRODUCT_BUNDLE_IDENTIFIER = zoe.ZoeWebSocketChatDemo;
				PRODUCT_NAME = "$(TARGET_NAME)";
			};
			name = Release;
		};
		045004271F021E2D00E77816 /* Debug */ = {
			isa = XCBuildConfiguration;
			buildSettings = {
				BUNDLE_LOADER = "$(TEST_HOST)";
				INFOPLIST_FILE = ZoeWebSocketChatDemoTests/Info.plist;
				LD_RUNPATH_SEARCH_PATHS = "$(inherited) @executable_path/Frameworks @loader_path/Frameworks";
				PRODUCT_BUNDLE_IDENTIFIER = zoe.ZoeWebSocketChatDemoTests;
				PRODUCT_NAME = "$(TARGET_NAME)";
				TEST_HOST = "$(BUILT_PRODUCTS_DIR)/ZoeWebSocketChatDemo.app/ZoeWebSocketChatDemo";
			};
			name = Debug;
		};
		045004281F021E2D00E77816 /* Release */ = {
			isa = XCBuildConfiguration;
			buildSettings = {
				BUNDLE_LOADER = "$(TEST_HOST)";
				INFOPLIST_FILE = ZoeWebSocketChatDemoTests/Info.plist;
				LD_RUNPATH_SEARCH_PATHS = "$(inherited) @executable_path/Frameworks @loader_path/Frameworks";
				PRODUCT_BUNDLE_IDENTIFIER = zoe.ZoeWebSocketChatDemoTests;
				PRODUCT_NAME = "$(TARGET_NAME)";
				TEST_HOST = "$(BUILT_PRODUCTS_DIR)/ZoeWebSocketChatDemo.app/ZoeWebSocketChatDemo";
			};
			name = Release;
		};
		0450042A1F021E2D00E77816 /* Debug */ = {
			isa = XCBuildConfiguration;
			buildSettings = {
				INFOPLIST_FILE = ZoeWebSocketChatDemoUITests/Info.plist;
				LD_RUNPATH_SEARCH_PATHS = "$(inherited) @executable_path/Frameworks @loader_path/Frameworks";
				PRODUCT_BUNDLE_IDENTIFIER = zoe.ZoeWebSocketChatDemoUITests;
				PRODUCT_NAME = "$(TARGET_NAME)";
				TEST_TARGET_NAME = ZoeWebSocketChatDemo;
			};
			name = Debug;
		};
		0450042B1F021E2D00E77816 /* Release */ = {
			isa = XCBuildConfiguration;
			buildSettings = {
				INFOPLIST_FILE = ZoeWebSocketChatDemoUITests/Info.plist;
				LD_RUNPATH_SEARCH_PATHS = "$(inherited) @executable_path/Frameworks @loader_path/Frameworks";
				PRODUCT_BUNDLE_IDENTIFIER = zoe.ZoeWebSocketChatDemoUITests;
				PRODUCT_NAME = "$(TARGET_NAME)";
				TEST_TARGET_NAME = ZoeWebSocketChatDemo;
			};
			name = Release;
		};
/* End XCBuildConfiguration section */

/* Begin XCConfigurationList section */
		045003F11F021E2A00E77816 /* Build configuration list for PBXProject "ZoeWebSocketChatDemo" */ = {
			isa = XCConfigurationList;
			buildConfigurations = (
				045004211F021E2D00E77816 /* Debug */,
				045004221F021E2D00E77816 /* Release */,
			);
			defaultConfigurationIsVisible = 0;
			defaultConfigurationName = Release;
		};
		045004231F021E2D00E77816 /* Build configuration list for PBXNativeTarget "ZoeWebSocketChatDemo" */ = {
			isa = XCConfigurationList;
			buildConfigurations = (
				045004241F021E2D00E77816 /* Debug */,
				045004251F021E2D00E77816 /* Release */,
			);
			defaultConfigurationIsVisible = 0;
			defaultConfigurationName = Release;
		};
		045004261F021E2D00E77816 /* Build configuration list for PBXNativeTarget "ZoeWebSocketChatDemoTests" */ = {
			isa = XCConfigurationList;
			buildConfigurations = (
				045004271F021E2D00E77816 /* Debug */,
				045004281F021E2D00E77816 /* Release */,
			);
			defaultConfigurationIsVisible = 0;
			defaultConfigurationName = Release;
		};
		045004291F021E2D00E77816 /* Build configuration list for PBXNativeTarget "ZoeWebSocketChatDemoUITests" */ = {
			isa = XCConfigurationList;
			buildConfigurations = (
				0450042A1F021E2D00E77816 /* Debug */,
				0450042B1F021E2D00E77816 /* Release */,
			);
			defaultConfigurationIsVisible = 0;
			defaultConfigurationName = Release;
		};
/* End XCConfigurationList section */
	};
	rootObject = 045003EE1F021E2900E77816 /* Project object */;
}
